
Microsoft Visual Studio Solution File, Format Version 12.00
# Visual Studio Version 16
VisualStudioVersion = 16.0.30711.63
MinimumVisualStudioVersion = 10.0.40219.1
Project("{9A19103F-16F7-4668-BE54-9A1E7A4F7556}") = "GenericApp", "GenericApp\GenericApp.csproj", "{CC579E6B-3B19-4254-A75E-CB441207CEE2}"
EndProject
Project("{2150E333-8FDC-42A3-9474-1A3956D46DE8}") = "1 - Presentation", "1 - Presentation", "{8FBA5665-08DF-4BE0-A0F9-549CF4368C2B}"
EndProject
Project("{2150E333-8FDC-42A3-9474-1A3956D46DE8}") = "2 - Application", "2 - Application", "{CF4089BB-4D8F-45D8-8FAE-ED0EBC003A9C}"
EndProject
Project("{2150E333-8FDC-42A3-9474-1A3956D46DE8}") = "3 - Domain", "3 - Domain", "{18C345D1-E87B-4B3E-89D4-45CFB86B18EA}"
EndProject
Project("{2150E333-8FDC-42A3-9474-1A3956D46DE8}") = "4 - Infra", "4 - Infra", "{BD108271-5EE0-4BE8-B8A7-AF0B3B7E9B54}"
EndProject
Project("{2150E333-8FDC-42A3-9474-1A3956D46DE8}") = "Data", "Data", "{A90EF55A-6EEB-4EFB-8963-C5DA9855F9C6}"
EndProject
Project("{9A19103F-16F7-4668-BE54-9A1E7A4F7556}") = "GenericApp.Infra.Data", "GenericApp.Infra.Data\GenericApp.Infra.Data.csproj", "{D6AF1FD9-D39C-4654-81C2-E78CD6A72E32}"
EndProject
Project("{9A19103F-16F7-4668-BE54-9A1E7A4F7556}") = "GenericApp.Domain", "GenericApp.Domain\GenericApp.Domain.csproj", "{90CECB66-04D2-4227-A6AF-E746558F43A2}"
EndProject
Project("{2150E333-8FDC-42A3-9474-1A3956D46DE8}") = "CC", "CC", "{B01A1B76-44ED-433C-819A-59D7144C99C7}"
EndProject
Project("{9A19103F-16F7-4668-BE54-9A1E7A4F7556}") = "GenericApp.Infra.CC.IoC", "GenericApp.Infra.CC.IoC\GenericApp.Infra.CC.IoC.csproj", "{11F98CF5-664A-49C1-883E-0C049AE8B1F8}"
EndProject
Project("{9A19103F-16F7-4668-BE54-9A1E7A4F7556}") = "GenericApp.Infra.CC", "GenericApp.Infra.CC\GenericApp.Infra.CC.csproj", "{94FDC05C-C228-4F0B-86E1-61EE5D6F99B3}"
EndProject
Project("{9A19103F-16F7-4668-BE54-9A1E7A4F7556}") = "GenericApp.Infra.Data.Migrations", "GenericApp.Infra.Data.Migrations\GenericApp.Infra.Data.Migrations.csproj", "{5B873F3A-6763-4260-B578-35D8DCA5D675}"
EndProject
Project("{9A19103F-16F7-4668-BE54-9A1E7A4F7556}") = "GenericApp.Application", "GenericApp.Application\GenericApp.Application.csproj", "{6BC262DD-49B8-4AFF-9342-41F9B4198F20}"
EndProject
Project("{9A19103F-16F7-4668-BE54-9A1E7A4F7556}") = "GenericApp.Infra.CC.Logging.Serilog", "GenericApp.Infra.CC.Logging\GenericApp.Infra.CC.Logging.Serilog.csproj", "{B531B58A-AE65-4C4B-867A-01120E2F3009}"
EndProject
Project("{9A19103F-16F7-4668-BE54-9A1E7A4F7556}") = "GenericApp.Infra.CC.Exceptions", "GenericApp.Infra.CC.Exception\GenericApp.Infra.CC.Exceptions.csproj", "{CC3B92D1-A436-44D3-A462-D60BBCAB8C15}"
EndProject
Project("{9A19103F-16F7-4668-BE54-9A1E7A4F7556}") = "GenericApp.Infra.CC.Mapping", "GenericApp.Infra.CC.Mapping\GenericApp.Infra.CC.Mapping.csproj", "{B48E1F8C-ECD6-4FD6-A32F-D73D0D56CD5E}"
EndProject
Project("{9A19103F-16F7-4668-BE54-9A1E7A4F7556}") = "GenericApp.Infra.Common", "GenericApp.Infra.Common\GenericApp.Infra.Common.csproj", "{DB717130-39FD-44B3-9E37-42340A7B463A}"
EndProject
Project("{9A19103F-16F7-4668-BE54-9A1E7A4F7556}") = "GenericApp.Infra.CC.Localization", "GenericApp.Infra.CC.Localization\GenericApp.Infra.CC.Localization.csproj", "{2184F994-BAF9-4D81-A2C1-E87E3AA29AF4}"
EndProject
Project("{9A19103F-16F7-4668-BE54-9A1E7A4F7556}") = "GenericApp.Infra.CC.Security", "GenericApp.Infra.CC.Security\GenericApp.Infra.CC.Security.csproj", "{4A4011E4-4FE5-4546-BF62-ABA49B2829B4}"
EndProject
Project("{9A19103F-16F7-4668-BE54-9A1E7A4F7556}") = "GenericApp.Domain.Dto", "GenericApp.Domain.Dto\GenericApp.Domain.Dto.csproj", "{16CCD22A-2CEB-4D21-B42C-784F2E856758}"
EndProject
Project("{FAE04EC0-301F-11D3-BF4B-00C04F79EFBC}") = "GenericApp.Infra.CC.Swagger", "GenericApp.Infra.CC.Swagger\GenericApp.Infra.CC.Swagger.csproj", "{7A74FE79-8779-4166-92EC-6A048D264E88}"
EndProject
Global
	GlobalSection(SolutionConfigurationPlatforms) = preSolution
		Debug|Any CPU = Debug|Any CPU
		Release|Any CPU = Release|Any CPU
	EndGlobalSection
	GlobalSection(ProjectConfigurationPlatforms) = postSolution
		{CC579E6B-3B19-4254-A75E-CB441207CEE2}.Debug|Any CPU.ActiveCfg = Debug|Any CPU
		{CC579E6B-3B19-4254-A75E-CB441207CEE2}.Debug|Any CPU.Build.0 = Debug|Any CPU
		{CC579E6B-3B19-4254-A75E-CB441207CEE2}.Release|Any CPU.ActiveCfg = Release|Any CPU
		{CC579E6B-3B19-4254-A75E-CB441207CEE2}.Release|Any CPU.Build.0 = Release|Any CPU
		{D6AF1FD9-D39C-4654-81C2-E78CD6A72E32}.Debug|Any CPU.ActiveCfg = Debug|Any CPU
		{D6AF1FD9-D39C-4654-81C2-E78CD6A72E32}.Debug|Any CPU.Build.0 = Debug|Any CPU
		{D6AF1FD9-D39C-4654-81C2-E78CD6A72E32}.Release|Any CPU.ActiveCfg = Release|Any CPU
		{D6AF1FD9-D39C-4654-81C2-E78CD6A72E32}.Release|Any CPU.Build.0 = Release|Any CPU
		{90CECB66-04D2-4227-A6AF-E746558F43A2}.Debug|Any CPU.ActiveCfg = Debug|Any CPU
		{90CECB66-04D2-4227-A6AF-E746558F43A2}.Debug|Any CPU.Build.0 = Debug|Any CPU
		{90CECB66-04D2-4227-A6AF-E746558F43A2}.Release|Any CPU.ActiveCfg = Release|Any CPU
		{90CECB66-04D2-4227-A6AF-E746558F43A2}.Release|Any CPU.Build.0 = Release|Any CPU
		{11F98CF5-664A-49C1-883E-0C049AE8B1F8}.Debug|Any CPU.ActiveCfg = Debug|Any CPU
		{11F98CF5-664A-49C1-883E-0C049AE8B1F8}.Debug|Any CPU.Build.0 = Debug|Any CPU
		{11F98CF5-664A-49C1-883E-0C049AE8B1F8}.Release|Any CPU.ActiveCfg = Release|Any CPU
		{11F98CF5-664A-49C1-883E-0C049AE8B1F8}.Release|Any CPU.Build.0 = Release|Any CPU
		{94FDC05C-C228-4F0B-86E1-61EE5D6F99B3}.Debug|Any CPU.ActiveCfg = Debug|Any CPU
		{94FDC05C-C228-4F0B-86E1-61EE5D6F99B3}.Debug|Any CPU.Build.0 = Debug|Any CPU
		{94FDC05C-C228-4F0B-86E1-61EE5D6F99B3}.Release|Any CPU.ActiveCfg = Release|Any CPU
		{94FDC05C-C228-4F0B-86E1-61EE5D6F99B3}.Release|Any CPU.Build.0 = Release|Any CPU
		{5B873F3A-6763-4260-B578-35D8DCA5D675}.Debug|Any CPU.ActiveCfg = Debug|Any CPU
		{5B873F3A-6763-4260-B578-35D8DCA5D675}.Debug|Any CPU.Build.0 = Debug|Any CPU
		{5B873F3A-6763-4260-B578-35D8DCA5D675}.Release|Any CPU.ActiveCfg = Release|Any CPU
		{5B873F3A-6763-4260-B578-35D8DCA5D675}.Release|Any CPU.Build.0 = Release|Any CPU
		{6BC262DD-49B8-4AFF-9342-41F9B4198F20}.Debug|Any CPU.ActiveCfg = Debug|Any CPU
		{6BC262DD-49B8-4AFF-9342-41F9B4198F20}.Debug|Any CPU.Build.0 = Debug|Any CPU
		{6BC262DD-49B8-4AFF-9342-41F9B4198F20}.Release|Any CPU.ActiveCfg = Release|Any CPU
		{6BC262DD-49B8-4AFF-9342-41F9B4198F20}.Release|Any CPU.Build.0 = Release|Any CPU
		{B531B58A-AE65-4C4B-867A-01120E2F3009}.Debug|Any CPU.ActiveCfg = Debug|Any CPU
		{B531B58A-AE65-4C4B-867A-01120E2F3009}.Debug|Any CPU.Build.0 = Debug|Any CPU
		{B531B58A-AE65-4C4B-867A-01120E2F3009}.Release|Any CPU.ActiveCfg = Release|Any CPU
		{B531B58A-AE65-4C4B-867A-01120E2F3009}.Release|Any CPU.Build.0 = Release|Any CPU
		{CC3B92D1-A436-44D3-A462-D60BBCAB8C15}.Debug|Any CPU.ActiveCfg = Debug|Any CPU
		{CC3B92D1-A436-44D3-A462-D60BBCAB8C15}.Debug|Any CPU.Build.0 = Debug|Any CPU
		{CC3B92D1-A436-44D3-A462-D60BBCAB8C15}.Release|Any CPU.ActiveCfg = Release|Any CPU
		{CC3B92D1-A436-44D3-A462-D60BBCAB8C15}.Release|Any CPU.Build.0 = Release|Any CPU
		{B48E1F8C-ECD6-4FD6-A32F-D73D0D56CD5E}.Debug|Any CPU.ActiveCfg = Debug|Any CPU
		{B48E1F8C-ECD6-4FD6-A32F-D73D0D56CD5E}.Debug|Any CPU.Build.0 = Debug|Any CPU
		{B48E1F8C-ECD6-4FD6-A32F-D73D0D56CD5E}.Release|Any CPU.ActiveCfg = Release|Any CPU
		{B48E1F8C-ECD6-4FD6-A32F-D73D0D56CD5E}.Release|Any CPU.Build.0 = Release|Any CPU
		{DB717130-39FD-44B3-9E37-42340A7B463A}.Debug|Any CPU.ActiveCfg = Debug|Any CPU
		{DB717130-39FD-44B3-9E37-42340A7B463A}.Debug|Any CPU.Build.0 = Debug|Any CPU
		{DB717130-39FD-44B3-9E37-42340A7B463A}.Release|Any CPU.ActiveCfg = Release|Any CPU
		{DB717130-39FD-44B3-9E37-42340A7B463A}.Release|Any CPU.Build.0 = Release|Any CPU
		{2184F994-BAF9-4D81-A2C1-E87E3AA29AF4}.Debug|Any CPU.ActiveCfg = Debug|Any CPU
		{2184F994-BAF9-4D81-A2C1-E87E3AA29AF4}.Debug|Any CPU.Build.0 = Debug|Any CPU
		{2184F994-BAF9-4D81-A2C1-E87E3AA29AF4}.Release|Any CPU.ActiveCfg = Release|Any CPU
		{2184F994-BAF9-4D81-A2C1-E87E3AA29AF4}.Release|Any CPU.Build.0 = Release|Any CPU
		{4A4011E4-4FE5-4546-BF62-ABA49B2829B4}.Debug|Any CPU.ActiveCfg = Debug|Any CPU
		{4A4011E4-4FE5-4546-BF62-ABA49B2829B4}.Debug|Any CPU.Build.0 = Debug|Any CPU
		{4A4011E4-4FE5-4546-BF62-ABA49B2829B4}.Release|Any CPU.ActiveCfg = Release|Any CPU
		{4A4011E4-4FE5-4546-BF62-ABA49B2829B4}.Release|Any CPU.Build.0 = Release|Any CPU
		{16CCD22A-2CEB-4D21-B42C-784F2E856758}.Debug|Any CPU.ActiveCfg = Debug|Any CPU
		{16CCD22A-2CEB-4D21-B42C-784F2E856758}.Debug|Any CPU.Build.0 = Debug|Any CPU
		{16CCD22A-2CEB-4D21-B42C-784F2E856758}.Release|Any CPU.ActiveCfg = Release|Any CPU
		{16CCD22A-2CEB-4D21-B42C-784F2E856758}.Release|Any CPU.Build.0 = Release|Any CPU
		{7A74FE79-8779-4166-92EC-6A048D264E88}.Debug|Any CPU.ActiveCfg = Debug|Any CPU
		{7A74FE79-8779-4166-92EC-6A048D264E88}.Debug|Any CPU.Build.0 = Debug|Any CPU
		{7A74FE79-8779-4166-92EC-6A048D264E88}.Release|Any CPU.ActiveCfg = Release|Any CPU
		{7A74FE79-8779-4166-92EC-6A048D264E88}.Release|Any CPU.Build.0 = Release|Any CPU
	EndGlobalSection
	GlobalSection(SolutionProperties) = preSolution
		HideSolutionNode = FALSE
	EndGlobalSection
	GlobalSection(NestedProjects) = preSolution
		{CC579E6B-3B19-4254-A75E-CB441207CEE2} = {8FBA5665-08DF-4BE0-A0F9-549CF4368C2B}
		{A90EF55A-6EEB-4EFB-8963-C5DA9855F9C6} = {BD108271-5EE0-4BE8-B8A7-AF0B3B7E9B54}
		{D6AF1FD9-D39C-4654-81C2-E78CD6A72E32} = {A90EF55A-6EEB-4EFB-8963-C5DA9855F9C6}
		{90CECB66-04D2-4227-A6AF-E746558F43A2} = {18C345D1-E87B-4B3E-89D4-45CFB86B18EA}
		{B01A1B76-44ED-433C-819A-59D7144C99C7} = {BD108271-5EE0-4BE8-B8A7-AF0B3B7E9B54}
		{11F98CF5-664A-49C1-883E-0C049AE8B1F8} = {B01A1B76-44ED-433C-819A-59D7144C99C7}
		{94FDC05C-C228-4F0B-86E1-61EE5D6F99B3} = {B01A1B76-44ED-433C-819A-59D7144C99C7}
		{5B873F3A-6763-4260-B578-35D8DCA5D675} = {A90EF55A-6EEB-4EFB-8963-C5DA9855F9C6}
		{6BC262DD-49B8-4AFF-9342-41F9B4198F20} = {CF4089BB-4D8F-45D8-8FAE-ED0EBC003A9C}
		{B531B58A-AE65-4C4B-867A-01120E2F3009} = {B01A1B76-44ED-433C-819A-59D7144C99C7}
		{CC3B92D1-A436-44D3-A462-D60BBCAB8C15} = {B01A1B76-44ED-433C-819A-59D7144C99C7}
		{B48E1F8C-ECD6-4FD6-A32F-D73D0D56CD5E} = {B01A1B76-44ED-433C-819A-59D7144C99C7}
		{DB717130-39FD-44B3-9E37-42340A7B463A} = {B01A1B76-44ED-433C-819A-59D7144C99C7}
		{2184F994-BAF9-4D81-A2C1-E87E3AA29AF4} = {B01A1B76-44ED-433C-819A-59D7144C99C7}
		{4A4011E4-4FE5-4546-BF62-ABA49B2829B4} = {B01A1B76-44ED-433C-819A-59D7144C99C7}
		{16CCD22A-2CEB-4D21-B42C-784F2E856758} = {18C345D1-E87B-4B3E-89D4-45CFB86B18EA}
		{7A74FE79-8779-4166-92EC-6A048D264E88} = {B01A1B76-44ED-433C-819A-59D7144C99C7}
	EndGlobalSection
	GlobalSection(ExtensibilityGlobals) = postSolution
		SolutionGuid = {EBEAEB37-B482-4DE5-8231-7E4DB831AC5E}
	EndGlobalSection
EndGlobal
